
Microsoft Visual Studio Solution File, Format Version 12.00
# Visual Studio Version 17
VisualStudioVersion = 17.11.35208.52
MinimumVisualStudioVersion = 10.0.40219.1
Project("{FAE04EC0-301F-11D3-BF4B-00C04F79EFBC}") = "IT481_Unit6_Assignment_Maine", "IT481_Unit6_Assignment_Maine\IT481_Unit6_Assignment_Maine.csproj", "{F7B09BD7-7C5C-4FAD-B5D6-9052DF8087C6}"
EndProject
Global
	GlobalSection(SolutionConfigurationPlatforms) = preSolution
		Debug|Any CPU = Debug|Any CPU
		Release|Any CPU = Release|Any CPU
	EndGlobalSection
	GlobalSection(ProjectConfigurationPlatforms) = postSolution
		{F7B09BD7-7C5C-4FAD-B5D6-9052DF8087C6}.Debug|Any CPU.ActiveCfg = Debug|Any CPU
		{F7B09BD7-7C5C-4FAD-B5D6-9052DF8087C6}.Debug|Any CPU.Build.0 = Debug|Any CPU
		{F7B09BD7-7C5C-4FAD-B5D6-9052DF8087C6}.Release|Any CPU.ActiveCfg = Release|Any CPU
		{F7B09BD7-7C5C-4FAD-B5D6-9052DF8087C6}.Release|Any CPU.Build.0 = Release|Any CPU
	EndGlobalSection
	GlobalSection(SolutionProperties) = preSolution
		HideSolutionNode = FALSE
	EndGlobalSection
	GlobalSection(ExtensibilityGlobals) = postSolution
		SolutionGuid = {FC2EAB3A-C612-4A08-B823-49E23A227482}
	EndGlobalSection
EndGlobal
